
Microsoft Visual Studio Solution File, Format Version 12.00
# Visual Studio Version 16
VisualStudioVersion = 16.0.31005.135
MinimumVisualStudioVersion = 10.0.40219.1
Project("{FAE04EC0-301F-11D3-BF4B-00C04F79EFBC}") = "Marsinternship", "Marsinternship.csproj", "{7D29F4C6-DEE1-43CB-B805-2F407D2DCECC}"
EndProject
Global
	GlobalSection(SolutionConfigurationPlatforms) = preSolution
		Debug|Any CPU = Debug|Any CPU
		Release|Any CPU = Release|Any CPU
	EndGlobalSection
	GlobalSection(ProjectConfigurationPlatforms) = postSolution
		{7D29F4C6-DEE1-43CB-B805-2F407D2DCECC}.Debug|Any CPU.ActiveCfg = Debug|Any CPU
		{7D29F4C6-DEE1-43CB-B805-2F407D2DCECC}.Debug|Any CPU.Build.0 = Debug|Any CPU
		{7D29F4C6-DEE1-43CB-B805-2F407D2DCECC}.Release|Any CPU.ActiveCfg = Release|Any CPU
		{7D29F4C6-DEE1-43CB-B805-2F407D2DCECC}.Release|Any CPU.Build.0 = Release|Any CPU
	EndGlobalSection
	GlobalSection(SolutionProperties) = preSolution
		HideSolutionNode = FALSE
	EndGlobalSection
	GlobalSection(ExtensibilityGlobals) = postSolution
		SolutionGuid = {F037D3A4-0387-45E6-B194-FB2F8182F6A2}
	EndGlobalSection
EndGlobal
